
Microsoft Visual Studio Solution File, Format Version 12.00
# Visual Studio Version 17
VisualStudioVersion = 17.0.31903.59
MinimumVisualStudioVersion = 10.0.40219.1
Project("{FAE04EC0-301F-11D3-BF4B-00C04F79EFBC}") = "IdentityServer", "IdentityServer\IdentityServer.csproj", "{5C68F0B0-27AB-4B08-AD48-52E7E6BB0324}"
EndProject
Project("{FAE04EC0-301F-11D3-BF4B-00C04F79EFBC}") = "Api", "Api\Api.csproj", "{B2D7D7F6-EBD3-4BDC-929F-521B62E5799B}"
EndProject
Project("{FAE04EC0-301F-11D3-BF4B-00C04F79EFBC}") = "Client", "Client\Client.csproj", "{377DD8E4-20DB-4AD8-AF90-D89C8BDF09F0}"
EndProject
Global
	GlobalSection(SolutionConfigurationPlatforms) = preSolution
		Debug|Any CPU = Debug|Any CPU
		Release|Any CPU = Release|Any CPU
	EndGlobalSection
	GlobalSection(SolutionProperties) = preSolution
		HideSolutionNode = FALSE
	EndGlobalSection
	GlobalSection(ProjectConfigurationPlatforms) = postSolution
		{5C68F0B0-27AB-4B08-AD48-52E7E6BB0324}.Debug|Any CPU.ActiveCfg = Debug|Any CPU
		{5C68F0B0-27AB-4B08-AD48-52E7E6BB0324}.Debug|Any CPU.Build.0 = Debug|Any CPU
		{5C68F0B0-27AB-4B08-AD48-52E7E6BB0324}.Release|Any CPU.ActiveCfg = Release|Any CPU
		{5C68F0B0-27AB-4B08-AD48-52E7E6BB0324}.Release|Any CPU.Build.0 = Release|Any CPU
		{B2D7D7F6-EBD3-4BDC-929F-521B62E5799B}.Debug|Any CPU.ActiveCfg = Debug|Any CPU
		{B2D7D7F6-EBD3-4BDC-929F-521B62E5799B}.Debug|Any CPU.Build.0 = Debug|Any CPU
		{B2D7D7F6-EBD3-4BDC-929F-521B62E5799B}.Release|Any CPU.ActiveCfg = Release|Any CPU
		{B2D7D7F6-EBD3-4BDC-929F-521B62E5799B}.Release|Any CPU.Build.0 = Release|Any CPU
		{377DD8E4-20DB-4AD8-AF90-D89C8BDF09F0}.Debug|Any CPU.ActiveCfg = Debug|Any CPU
		{377DD8E4-20DB-4AD8-AF90-D89C8BDF09F0}.Debug|Any CPU.Build.0 = Debug|Any CPU
		{377DD8E4-20DB-4AD8-AF90-D89C8BDF09F0}.Release|Any CPU.ActiveCfg = Release|Any CPU
		{377DD8E4-20DB-4AD8-AF90-D89C8BDF09F0}.Release|Any CPU.Build.0 = Release|Any CPU
	EndGlobalSection
EndGlobal
